
Microsoft Visual Studio Solution File, Format Version 12.00
# Visual Studio Version 17
VisualStudioVersion = 17.7.34221.43
MinimumVisualStudioVersion = 10.0.40219.1
Project("{8BC9CEB8-8B4A-11D0-8D11-00A0C91BC942}") = "指针和数组的一些笔试题", "指针和数组的一些笔试题.vcxproj", "{9A262D52-EFFF-4F93-8581-0DCA77FBB66C}"
EndProject
Global
	GlobalSection(SolutionConfigurationPlatforms) = preSolution
		Debug|x64 = Debug|x64
		Debug|x86 = Debug|x86
		Release|x64 = Release|x64
		Release|x86 = Release|x86
	EndGlobalSection
	GlobalSection(ProjectConfigurationPlatforms) = postSolution
		{9A262D52-EFFF-4F93-8581-0DCA77FBB66C}.Debug|x64.ActiveCfg = Debug|x64
		{9A262D52-EFFF-4F93-8581-0DCA77FBB66C}.Debug|x64.Build.0 = Debug|x64
		{9A262D52-EFFF-4F93-8581-0DCA77FBB66C}.Debug|x86.ActiveCfg = Debug|Win32
		{9A262D52-EFFF-4F93-8581-0DCA77FBB66C}.Debug|x86.Build.0 = Debug|Win32
		{9A262D52-EFFF-4F93-8581-0DCA77FBB66C}.Release|x64.ActiveCfg = Release|x64
		{9A262D52-EFFF-4F93-8581-0DCA77FBB66C}.Release|x64.Build.0 = Release|x64
		{9A262D52-EFFF-4F93-8581-0DCA77FBB66C}.Release|x86.ActiveCfg = Release|Win32
		{9A262D52-EFFF-4F93-8581-0DCA77FBB66C}.Release|x86.Build.0 = Release|Win32
	EndGlobalSection
	GlobalSection(SolutionProperties) = preSolution
		HideSolutionNode = FALSE
	EndGlobalSection
	GlobalSection(ExtensibilityGlobals) = postSolution
		SolutionGuid = {691669F1-0FC1-444B-AC1D-8D10DD5E9851}
	EndGlobalSection
EndGlobal
