
Microsoft Visual Studio Solution File, Format Version 12.00
# Visual Studio Version 17
VisualStudioVersion = 17.7.34221.43
MinimumVisualStudioVersion = 10.0.40219.1
Project("{8BC9CEB8-8B4A-11D0-8D11-00A0C91BC942}") = "通讯录优化（文件、动态内存）", "通讯录优化（文件、动态内存）.vcxproj", "{8877F32D-6248-48B7-91E3-96CA6791DE78}"
EndProject
Global
	GlobalSection(SolutionConfigurationPlatforms) = preSolution
		Debug|x64 = Debug|x64
		Debug|x86 = Debug|x86
		Release|x64 = Release|x64
		Release|x86 = Release|x86
	EndGlobalSection
	GlobalSection(ProjectConfigurationPlatforms) = postSolution
		{8877F32D-6248-48B7-91E3-96CA6791DE78}.Debug|x64.ActiveCfg = Debug|x64
		{8877F32D-6248-48B7-91E3-96CA6791DE78}.Debug|x64.Build.0 = Debug|x64
		{8877F32D-6248-48B7-91E3-96CA6791DE78}.Debug|x86.ActiveCfg = Debug|Win32
		{8877F32D-6248-48B7-91E3-96CA6791DE78}.Debug|x86.Build.0 = Debug|Win32
		{8877F32D-6248-48B7-91E3-96CA6791DE78}.Release|x64.ActiveCfg = Release|x64
		{8877F32D-6248-48B7-91E3-96CA6791DE78}.Release|x64.Build.0 = Release|x64
		{8877F32D-6248-48B7-91E3-96CA6791DE78}.Release|x86.ActiveCfg = Release|Win32
		{8877F32D-6248-48B7-91E3-96CA6791DE78}.Release|x86.Build.0 = Release|Win32
	EndGlobalSection
	GlobalSection(SolutionProperties) = preSolution
		HideSolutionNode = FALSE
	EndGlobalSection
	GlobalSection(ExtensibilityGlobals) = postSolution
		SolutionGuid = {42EBB722-EB5A-4908-8C72-A2BCC5066A92}
	EndGlobalSection
EndGlobal
