
Microsoft Visual Studio Solution File, Format Version 12.00
# Visual Studio Version 17
VisualStudioVersion = 17.7.34221.43
MinimumVisualStudioVersion = 10.0.40219.1
Project("{8BC9CEB8-8B4A-11D0-8D11-00A0C91BC942}") = "字符串_字符串函数", "字符串_字符串函数.vcxproj", "{470F3EE3-3A14-4456-9768-7F2CFC3D1D15}"
EndProject
Global
	GlobalSection(SolutionConfigurationPlatforms) = preSolution
		Debug|x64 = Debug|x64
		Debug|x86 = Debug|x86
		Release|x64 = Release|x64
		Release|x86 = Release|x86
	EndGlobalSection
	GlobalSection(ProjectConfigurationPlatforms) = postSolution
		{470F3EE3-3A14-4456-9768-7F2CFC3D1D15}.Debug|x64.ActiveCfg = Debug|x64
		{470F3EE3-3A14-4456-9768-7F2CFC3D1D15}.Debug|x64.Build.0 = Debug|x64
		{470F3EE3-3A14-4456-9768-7F2CFC3D1D15}.Debug|x86.ActiveCfg = Debug|Win32
		{470F3EE3-3A14-4456-9768-7F2CFC3D1D15}.Debug|x86.Build.0 = Debug|Win32
		{470F3EE3-3A14-4456-9768-7F2CFC3D1D15}.Release|x64.ActiveCfg = Release|x64
		{470F3EE3-3A14-4456-9768-7F2CFC3D1D15}.Release|x64.Build.0 = Release|x64
		{470F3EE3-3A14-4456-9768-7F2CFC3D1D15}.Release|x86.ActiveCfg = Release|Win32
		{470F3EE3-3A14-4456-9768-7F2CFC3D1D15}.Release|x86.Build.0 = Release|Win32
	EndGlobalSection
	GlobalSection(SolutionProperties) = preSolution
		HideSolutionNode = FALSE
	EndGlobalSection
	GlobalSection(ExtensibilityGlobals) = postSolution
		SolutionGuid = {7FE5F0C9-7C1F-43C7-BAF3-C9C051E27DBF}
	EndGlobalSection
EndGlobal
