
Microsoft Visual Studio Solution File, Format Version 12.00
# Visual Studio Version 17
VisualStudioVersion = 17.7.34221.43
MinimumVisualStudioVersion = 10.0.40219.1
Project("{8BC9CEB8-8B4A-11D0-8D11-00A0C91BC942}") = "调试技巧", "调试技巧.vcxproj", "{02A724EB-A5D4-4A5D-9A86-F5B434DA1D83}"
EndProject
Global
	GlobalSection(SolutionConfigurationPlatforms) = preSolution
		Debug|x64 = Debug|x64
		Debug|x86 = Debug|x86
		Release|x64 = Release|x64
		Release|x86 = Release|x86
	EndGlobalSection
	GlobalSection(ProjectConfigurationPlatforms) = postSolution
		{02A724EB-A5D4-4A5D-9A86-F5B434DA1D83}.Debug|x64.ActiveCfg = Debug|x64
		{02A724EB-A5D4-4A5D-9A86-F5B434DA1D83}.Debug|x64.Build.0 = Debug|x64
		{02A724EB-A5D4-4A5D-9A86-F5B434DA1D83}.Debug|x86.ActiveCfg = Debug|Win32
		{02A724EB-A5D4-4A5D-9A86-F5B434DA1D83}.Debug|x86.Build.0 = Debug|Win32
		{02A724EB-A5D4-4A5D-9A86-F5B434DA1D83}.Release|x64.ActiveCfg = Release|x64
		{02A724EB-A5D4-4A5D-9A86-F5B434DA1D83}.Release|x64.Build.0 = Release|x64
		{02A724EB-A5D4-4A5D-9A86-F5B434DA1D83}.Release|x86.ActiveCfg = Release|Win32
		{02A724EB-A5D4-4A5D-9A86-F5B434DA1D83}.Release|x86.Build.0 = Release|Win32
	EndGlobalSection
	GlobalSection(SolutionProperties) = preSolution
		HideSolutionNode = FALSE
	EndGlobalSection
	GlobalSection(ExtensibilityGlobals) = postSolution
		SolutionGuid = {5B32FD09-3E73-40CA-B762-06CB6BCC638E}
	EndGlobalSection
EndGlobal
